github.com/filipejohansson/vane v0.1.1 h1:Szx4kRFMyiC2tA1WaKkzAwwc1KDpUSD0CpP9UF919Ok=
github.com/filipejohansson/vane v0.1.1/go.mod h1:TbX77RPL4qBMEALR7Y0k6dCRzuTYtGa48hxQjPztWkI=
github.com/filipejohansson/vane v0.2.0 h1:/2pMVrjDILUhh1rnq5Yd0cX5WbmCV1/FQYP26RsZYIY=
github.com/filipejohansson/vane v0.2.0/go.mod h1:TbX77RPL4qBMEALR7Y0k6dCRzuTYtGa48hxQjPztWkI=
